
Microsoft Visual Studio Solution File, Format Version 12.00
# Visual Studio Version 16
VisualStudioVersion = 16.0.30907.101
MinimumVisualStudioVersion = 10.0.40219.1
Project("{9A19103F-16F7-4668-BE54-9A1E7A4F7556}") = "CSharpBasicsReview", "CSharpBasicsReview\CSharpBasicsReview.csproj", "{97B9C684-05F7-4800-BBCD-6CF3D5AD0B3D}"
EndProject
Project("{9A19103F-16F7-4668-BE54-9A1E7A4F7556}") = "CustomArray", "CustomArray\CustomArray.csproj", "{5B7EEACA-DBE6-4EFC-9864-C9657878D9AB}"
EndProject
Project("{9A19103F-16F7-4668-BE54-9A1E7A4F7556}") = "CustomLinkedList", "LinkedList\CustomLinkedList.csproj", "{3281B2BF-0ED3-4928-AF92-6FC1C563C44E}"
EndProject
Project("{9A19103F-16F7-4668-BE54-9A1E7A4F7556}") = "Models", "Models\Models.csproj", "{83712808-A4AB-4A21-8FDA-6E688649CF5A}"
EndProject
Project("{9A19103F-16F7-4668-BE54-9A1E7A4F7556}") = "Core", "Core\Core.csproj", "{54D63B30-E842-455C-BE66-0D79B52A9FFC}"
EndProject
Project("{9A19103F-16F7-4668-BE54-9A1E7A4F7556}") = "DataAccess", "DataAccess\DataAccess.csproj", "{CBAA9334-C555-4685-9640-1890B936D484}"
EndProject
Project("{9A19103F-16F7-4668-BE54-9A1E7A4F7556}") = "CSharpDelegates", "CSharpDelegates\CSharpDelegates.csproj", "{14C73D8D-2B31-4C41-BC0C-FB0B8B87E214}"
EndProject
Project("{9A19103F-16F7-4668-BE54-9A1E7A4F7556}") = "StackDataStructure", "StackDataStructure\StackDataStructure.csproj", "{B7FD17DF-96A5-453D-8D94-11ACF8581A7A}"
EndProject
Project("{9A19103F-16F7-4668-BE54-9A1E7A4F7556}") = "QueueDataStructure", "QueueDataStructure\QueueDataStructure.csproj", "{0FF20D94-3B19-444E-8D6C-AC3ABC25A870}"
EndProject
Project("{9A19103F-16F7-4668-BE54-9A1E7A4F7556}") = "DictionaryDataStructure", "HashTable\DictionaryDataStructure.csproj", "{4DAFCAF0-F5A4-46CF-9FC3-7E3794CCBD17}"
EndProject
Project("{9A19103F-16F7-4668-BE54-9A1E7A4F7556}") = "DatastructureHashTbale", "DatastructureHashTbale\DatastructureHashTbale.csproj", "{64F8F849-F3F4-47B1-B17F-BFBBBAE85104}"
EndProject
Project("{9A19103F-16F7-4668-BE54-9A1E7A4F7556}") = "OOP-PrinciplesForSQ008", "OOP-PrinciplesForSQ008\OOP-PrinciplesForSQ008.csproj", "{6599577D-4DF7-4817-841E-72509B41D0A6}"
EndProject
Project("{9A19103F-16F7-4668-BE54-9A1E7A4F7556}") = "DatastructureBinaryTree", "DatastructureBinaryTree\DatastructureBinaryTree.csproj", "{AD71DE20-E1AC-46FD-ADEC-718F5AEE87FE}"
EndProject
Project("{9A19103F-16F7-4668-BE54-9A1E7A4F7556}") = "VanHackAlgorithmAssessment", "VanHackAlgorithmAssessment\VanHackAlgorithmAssessment.csproj", "{3B7BC871-3375-45A1-83A3-B8BFFE42F792}"
EndProject
Project("{FAE04EC0-301F-11D3-BF4B-00C04F79EFBC}") = "SolidPrinciplesSq008", "SolidPrinciplesSq008\SolidPrinciplesSq008.csproj", "{4D16F6DF-0DC8-4329-8088-DC542F2FE540}"
EndProject
Global
	GlobalSection(SolutionConfigurationPlatforms) = preSolution
		Debug|Any CPU = Debug|Any CPU
		Release|Any CPU = Release|Any CPU
	EndGlobalSection
	GlobalSection(ProjectConfigurationPlatforms) = postSolution
		{97B9C684-05F7-4800-BBCD-6CF3D5AD0B3D}.Debug|Any CPU.ActiveCfg = Debug|Any CPU
		{97B9C684-05F7-4800-BBCD-6CF3D5AD0B3D}.Debug|Any CPU.Build.0 = Debug|Any CPU
		{97B9C684-05F7-4800-BBCD-6CF3D5AD0B3D}.Release|Any CPU.ActiveCfg = Release|Any CPU
		{97B9C684-05F7-4800-BBCD-6CF3D5AD0B3D}.Release|Any CPU.Build.0 = Release|Any CPU
		{5B7EEACA-DBE6-4EFC-9864-C9657878D9AB}.Debug|Any CPU.ActiveCfg = Debug|Any CPU
		{5B7EEACA-DBE6-4EFC-9864-C9657878D9AB}.Debug|Any CPU.Build.0 = Debug|Any CPU
		{5B7EEACA-DBE6-4EFC-9864-C9657878D9AB}.Release|Any CPU.ActiveCfg = Release|Any CPU
		{5B7EEACA-DBE6-4EFC-9864-C9657878D9AB}.Release|Any CPU.Build.0 = Release|Any CPU
		{3281B2BF-0ED3-4928-AF92-6FC1C563C44E}.Debug|Any CPU.ActiveCfg = Debug|Any CPU
		{3281B2BF-0ED3-4928-AF92-6FC1C563C44E}.Debug|Any CPU.Build.0 = Debug|Any CPU
		{3281B2BF-0ED3-4928-AF92-6FC1C563C44E}.Release|Any CPU.ActiveCfg = Release|Any CPU
		{3281B2BF-0ED3-4928-AF92-6FC1C563C44E}.Release|Any CPU.Build.0 = Release|Any CPU
		{83712808-A4AB-4A21-8FDA-6E688649CF5A}.Debug|Any CPU.ActiveCfg = Debug|Any CPU
		{83712808-A4AB-4A21-8FDA-6E688649CF5A}.Debug|Any CPU.Build.0 = Debug|Any CPU
		{83712808-A4AB-4A21-8FDA-6E688649CF5A}.Release|Any CPU.ActiveCfg = Release|Any CPU
		{83712808-A4AB-4A21-8FDA-6E688649CF5A}.Release|Any CPU.Build.0 = Release|Any CPU
		{54D63B30-E842-455C-BE66-0D79B52A9FFC}.Debug|Any CPU.ActiveCfg = Debug|Any CPU
		{54D63B30-E842-455C-BE66-0D79B52A9FFC}.Debug|Any CPU.Build.0 = Debug|Any CPU
		{54D63B30-E842-455C-BE66-0D79B52A9FFC}.Release|Any CPU.ActiveCfg = Release|Any CPU
		{54D63B30-E842-455C-BE66-0D79B52A9FFC}.Release|Any CPU.Build.0 = Release|Any CPU
		{CBAA9334-C555-4685-9640-1890B936D484}.Debug|Any CPU.ActiveCfg = Debug|Any CPU
		{CBAA9334-C555-4685-9640-1890B936D484}.Debug|Any CPU.Build.0 = Debug|Any CPU
		{CBAA9334-C555-4685-9640-1890B936D484}.Release|Any CPU.ActiveCfg = Release|Any CPU
		{CBAA9334-C555-4685-9640-1890B936D484}.Release|Any CPU.Build.0 = Release|Any CPU
		{14C73D8D-2B31-4C41-BC0C-FB0B8B87E214}.Debug|Any CPU.ActiveCfg = Debug|Any CPU
		{14C73D8D-2B31-4C41-BC0C-FB0B8B87E214}.Debug|Any CPU.Build.0 = Debug|Any CPU
		{14C73D8D-2B31-4C41-BC0C-FB0B8B87E214}.Release|Any CPU.ActiveCfg = Release|Any CPU
		{14C73D8D-2B31-4C41-BC0C-FB0B8B87E214}.Release|Any CPU.Build.0 = Release|Any CPU
		{B7FD17DF-96A5-453D-8D94-11ACF8581A7A}.Debug|Any CPU.ActiveCfg = Debug|Any CPU
		{B7FD17DF-96A5-453D-8D94-11ACF8581A7A}.Debug|Any CPU.Build.0 = Debug|Any CPU
		{B7FD17DF-96A5-453D-8D94-11ACF8581A7A}.Release|Any CPU.ActiveCfg = Release|Any CPU
		{B7FD17DF-96A5-453D-8D94-11ACF8581A7A}.Release|Any CPU.Build.0 = Release|Any CPU
		{0FF20D94-3B19-444E-8D6C-AC3ABC25A870}.Debug|Any CPU.ActiveCfg = Debug|Any CPU
		{0FF20D94-3B19-444E-8D6C-AC3ABC25A870}.Debug|Any CPU.Build.0 = Debug|Any CPU
		{0FF20D94-3B19-444E-8D6C-AC3ABC25A870}.Release|Any CPU.ActiveCfg = Release|Any CPU
		{0FF20D94-3B19-444E-8D6C-AC3ABC25A870}.Release|Any CPU.Build.0 = Release|Any CPU
		{4DAFCAF0-F5A4-46CF-9FC3-7E3794CCBD17}.Debug|Any CPU.ActiveCfg = Debug|Any CPU
		{4DAFCAF0-F5A4-46CF-9FC3-7E3794CCBD17}.Debug|Any CPU.Build.0 = Debug|Any CPU
		{4DAFCAF0-F5A4-46CF-9FC3-7E3794CCBD17}.Release|Any CPU.ActiveCfg = Release|Any CPU
		{4DAFCAF0-F5A4-46CF-9FC3-7E3794CCBD17}.Release|Any CPU.Build.0 = Release|Any CPU
		{64F8F849-F3F4-47B1-B17F-BFBBBAE85104}.Debug|Any CPU.ActiveCfg = Debug|Any CPU
		{64F8F849-F3F4-47B1-B17F-BFBBBAE85104}.Debug|Any CPU.Build.0 = Debug|Any CPU
		{64F8F849-F3F4-47B1-B17F-BFBBBAE85104}.Release|Any CPU.ActiveCfg = Release|Any CPU
		{64F8F849-F3F4-47B1-B17F-BFBBBAE85104}.Release|Any CPU.Build.0 = Release|Any CPU
		{6599577D-4DF7-4817-841E-72509B41D0A6}.Debug|Any CPU.ActiveCfg = Debug|Any CPU
		{6599577D-4DF7-4817-841E-72509B41D0A6}.Debug|Any CPU.Build.0 = Debug|Any CPU
		{6599577D-4DF7-4817-841E-72509B41D0A6}.Release|Any CPU.ActiveCfg = Release|Any CPU
		{6599577D-4DF7-4817-841E-72509B41D0A6}.Release|Any CPU.Build.0 = Release|Any CPU
		{AD71DE20-E1AC-46FD-ADEC-718F5AEE87FE}.Debug|Any CPU.ActiveCfg = Debug|Any CPU
		{AD71DE20-E1AC-46FD-ADEC-718F5AEE87FE}.Debug|Any CPU.Build.0 = Debug|Any CPU
		{AD71DE20-E1AC-46FD-ADEC-718F5AEE87FE}.Release|Any CPU.ActiveCfg = Release|Any CPU
		{AD71DE20-E1AC-46FD-ADEC-718F5AEE87FE}.Release|Any CPU.Build.0 = Release|Any CPU
		{3B7BC871-3375-45A1-83A3-B8BFFE42F792}.Debug|Any CPU.ActiveCfg = Debug|Any CPU
		{3B7BC871-3375-45A1-83A3-B8BFFE42F792}.Debug|Any CPU.Build.0 = Debug|Any CPU
		{3B7BC871-3375-45A1-83A3-B8BFFE42F792}.Release|Any CPU.ActiveCfg = Release|Any CPU
		{3B7BC871-3375-45A1-83A3-B8BFFE42F792}.Release|Any CPU.Build.0 = Release|Any CPU
		{4D16F6DF-0DC8-4329-8088-DC542F2FE540}.Debug|Any CPU.ActiveCfg = Debug|Any CPU
		{4D16F6DF-0DC8-4329-8088-DC542F2FE540}.Debug|Any CPU.Build.0 = Debug|Any CPU
		{4D16F6DF-0DC8-4329-8088-DC542F2FE540}.Release|Any CPU.ActiveCfg = Release|Any CPU
		{4D16F6DF-0DC8-4329-8088-DC542F2FE540}.Release|Any CPU.Build.0 = Release|Any CPU
	EndGlobalSection
	GlobalSection(SolutionProperties) = preSolution
		HideSolutionNode = FALSE
	EndGlobalSection
	GlobalSection(ExtensibilityGlobals) = postSolution
		SolutionGuid = {A95BC4B1-3B7A-4741-99E8-F1D8C53A4975}
	EndGlobalSection
EndGlobal
